
Microsoft Visual Studio Solution File, Format Version 12.00
# Visual Studio 14
VisualStudioVersion = 14.0.24720.0
MinimumVisualStudioVersion = 10.0.40219.1
Project("{FAE04EC0-301F-11D3-BF4B-00C04F79EFBC}") = "CurrencyMVVM.Droid", "CurrencyMVVM\CurrencyMVVM.Droid\CurrencyMVVM.Droid.csproj", "{AC6C1B51-5B31-4DD2-BC22-07927D12F3BE}"
EndProject
Project("{FAE04EC0-301F-11D3-BF4B-00C04F79EFBC}") = "CurrencyMVVM.iOS", "CurrencyMVVM\CurrencyMVVM.iOS\CurrencyMVVM.iOS.csproj", "{FBEF3BDC-8108-42A6-AC43-6B975B447A4B}"
EndProject
Project("{FAE04EC0-301F-11D3-BF4B-00C04F79EFBC}") = "CurrencyMVVM", "CurrencyMVVM\CurrencyMVVM\CurrencyMVVM.csproj", "{66962AA5-E7D3-47D7-BB05-249748B57704}"
EndProject
Project("{FAE04EC0-301F-11D3-BF4B-00C04F79EFBC}") = "CurrencyMVVM.Data", "CurrencyMVVM.Data\CurrencyMVVM.Data.csproj", "{67F9D3A8-F71E-4428-913F-C37AE82CDB24}"
EndProject
Global
	GlobalSection(SolutionConfigurationPlatforms) = preSolution
		Ad-Hoc|Any CPU = Ad-Hoc|Any CPU
		Ad-Hoc|ARM = Ad-Hoc|ARM
		Ad-Hoc|iPhone = Ad-Hoc|iPhone
		Ad-Hoc|iPhoneSimulator = Ad-Hoc|iPhoneSimulator
		Ad-Hoc|x86 = Ad-Hoc|x86
		AppStore|Any CPU = AppStore|Any CPU
		AppStore|ARM = AppStore|ARM
		AppStore|iPhone = AppStore|iPhone
		AppStore|iPhoneSimulator = AppStore|iPhoneSimulator
		AppStore|x86 = AppStore|x86
		Debug|Any CPU = Debug|Any CPU
		Debug|ARM = Debug|ARM
		Debug|iPhone = Debug|iPhone
		Debug|iPhoneSimulator = Debug|iPhoneSimulator
		Debug|x86 = Debug|x86
		Release|Any CPU = Release|Any CPU
		Release|ARM = Release|ARM
		Release|iPhone = Release|iPhone
		Release|iPhoneSimulator = Release|iPhoneSimulator
		Release|x86 = Release|x86
	EndGlobalSection
	GlobalSection(ProjectConfigurationPlatforms) = postSolution
		{AC6C1B51-5B31-4DD2-BC22-07927D12F3BE}.Ad-Hoc|Any CPU.ActiveCfg = Release|Any CPU
		{AC6C1B51-5B31-4DD2-BC22-07927D12F3BE}.Ad-Hoc|Any CPU.Build.0 = Release|Any CPU
		{AC6C1B51-5B31-4DD2-BC22-07927D12F3BE}.Ad-Hoc|Any CPU.Deploy.0 = Release|Any CPU
		{AC6C1B51-5B31-4DD2-BC22-07927D12F3BE}.Ad-Hoc|ARM.ActiveCfg = Release|Any CPU
		{AC6C1B51-5B31-4DD2-BC22-07927D12F3BE}.Ad-Hoc|ARM.Build.0 = Release|Any CPU
		{AC6C1B51-5B31-4DD2-BC22-07927D12F3BE}.Ad-Hoc|ARM.Deploy.0 = Release|Any CPU
		{AC6C1B51-5B31-4DD2-BC22-07927D12F3BE}.Ad-Hoc|iPhone.ActiveCfg = Release|Any CPU
		{AC6C1B51-5B31-4DD2-BC22-07927D12F3BE}.Ad-Hoc|iPhone.Build.0 = Release|Any CPU
		{AC6C1B51-5B31-4DD2-BC22-07927D12F3BE}.Ad-Hoc|iPhone.Deploy.0 = Release|Any CPU
		{AC6C1B51-5B31-4DD2-BC22-07927D12F3BE}.Ad-Hoc|iPhoneSimulator.ActiveCfg = Release|Any CPU
		{AC6C1B51-5B31-4DD2-BC22-07927D12F3BE}.Ad-Hoc|iPhoneSimulator.Build.0 = Release|Any CPU
		{AC6C1B51-5B31-4DD2-BC22-07927D12F3BE}.Ad-Hoc|iPhoneSimulator.Deploy.0 = Release|Any CPU
		{AC6C1B51-5B31-4DD2-BC22-07927D12F3BE}.Ad-Hoc|x86.ActiveCfg = Release|Any CPU
		{AC6C1B51-5B31-4DD2-BC22-07927D12F3BE}.Ad-Hoc|x86.Build.0 = Release|Any CPU
		{AC6C1B51-5B31-4DD2-BC22-07927D12F3BE}.Ad-Hoc|x86.Deploy.0 = Release|Any CPU
		{AC6C1B51-5B31-4DD2-BC22-07927D12F3BE}.AppStore|Any CPU.ActiveCfg = Release|Any CPU
		{AC6C1B51-5B31-4DD2-BC22-07927D12F3BE}.AppStore|Any CPU.Build.0 = Release|Any CPU
		{AC6C1B51-5B31-4DD2-BC22-07927D12F3BE}.AppStore|Any CPU.Deploy.0 = Release|Any CPU
		{AC6C1B51-5B31-4DD2-BC22-07927D12F3BE}.AppStore|ARM.ActiveCfg = Release|Any CPU
		{AC6C1B51-5B31-4DD2-BC22-07927D12F3BE}.AppStore|ARM.Build.0 = Release|Any CPU
		{AC6C1B51-5B31-4DD2-BC22-07927D12F3BE}.AppStore|ARM.Deploy.0 = Release|Any CPU
		{AC6C1B51-5B31-4DD2-BC22-07927D12F3BE}.AppStore|iPhone.ActiveCfg = Release|Any CPU
		{AC6C1B51-5B31-4DD2-BC22-07927D12F3BE}.AppStore|iPhone.Build.0 = Release|Any CPU
		{AC6C1B51-5B31-4DD2-BC22-07927D12F3BE}.AppStore|iPhone.Deploy.0 = Release|Any CPU
		{AC6C1B51-5B31-4DD2-BC22-07927D12F3BE}.AppStore|iPhoneSimulator.ActiveCfg = Release|Any CPU
		{AC6C1B51-5B31-4DD2-BC22-07927D12F3BE}.AppStore|iPhoneSimulator.Build.0 = Release|Any CPU
		{AC6C1B51-5B31-4DD2-BC22-07927D12F3BE}.AppStore|iPhoneSimulator.Deploy.0 = Release|Any CPU
		{AC6C1B51-5B31-4DD2-BC22-07927D12F3BE}.AppStore|x86.ActiveCfg = Release|Any CPU
		{AC6C1B51-5B31-4DD2-BC22-07927D12F3BE}.AppStore|x86.Build.0 = Release|Any CPU
		{AC6C1B51-5B31-4DD2-BC22-07927D12F3BE}.AppStore|x86.Deploy.0 = Release|Any CPU
		{AC6C1B51-5B31-4DD2-BC22-07927D12F3BE}.Debug|Any CPU.ActiveCfg = Debug|Any CPU
		{AC6C1B51-5B31-4DD2-BC22-07927D12F3BE}.Debug|Any CPU.Build.0 = Debug|Any CPU
		{AC6C1B51-5B31-4DD2-BC22-07927D12F3BE}.Debug|Any CPU.Deploy.0 = Debug|Any CPU
		{AC6C1B51-5B31-4DD2-BC22-07927D12F3BE}.Debug|ARM.ActiveCfg = Debug|Any CPU
		{AC6C1B51-5B31-4DD2-BC22-07927D12F3BE}.Debug|ARM.Build.0 = Debug|Any CPU
		{AC6C1B51-5B31-4DD2-BC22-07927D12F3BE}.Debug|ARM.Deploy.0 = Debug|Any CPU
		{AC6C1B51-5B31-4DD2-BC22-07927D12F3BE}.Debug|iPhone.ActiveCfg = Debug|Any CPU
		{AC6C1B51-5B31-4DD2-BC22-07927D12F3BE}.Debug|iPhone.Build.0 = Debug|Any CPU
		{AC6C1B51-5B31-4DD2-BC22-07927D12F3BE}.Debug|iPhone.Deploy.0 = Debug|Any CPU
		{AC6C1B51-5B31-4DD2-BC22-07927D12F3BE}.Debug|iPhoneSimulator.ActiveCfg = Debug|Any CPU
		{AC6C1B51-5B31-4DD2-BC22-07927D12F3BE}.Debug|iPhoneSimulator.Build.0 = Debug|Any CPU
		{AC6C1B51-5B31-4DD2-BC22-07927D12F3BE}.Debug|iPhoneSimulator.Deploy.0 = Debug|Any CPU
		{AC6C1B51-5B31-4DD2-BC22-07927D12F3BE}.Debug|x86.ActiveCfg = Debug|Any CPU
		{AC6C1B51-5B31-4DD2-BC22-07927D12F3BE}.Debug|x86.Build.0 = Debug|Any CPU
		{AC6C1B51-5B31-4DD2-BC22-07927D12F3BE}.Debug|x86.Deploy.0 = Debug|Any CPU
		{AC6C1B51-5B31-4DD2-BC22-07927D12F3BE}.Release|Any CPU.ActiveCfg = Release|Any CPU
		{AC6C1B51-5B31-4DD2-BC22-07927D12F3BE}.Release|Any CPU.Build.0 = Release|Any CPU
		{AC6C1B51-5B31-4DD2-BC22-07927D12F3BE}.Release|Any CPU.Deploy.0 = Release|Any CPU
		{AC6C1B51-5B31-4DD2-BC22-07927D12F3BE}.Release|ARM.ActiveCfg = Release|Any CPU
		{AC6C1B51-5B31-4DD2-BC22-07927D12F3BE}.Release|ARM.Build.0 = Release|Any CPU
		{AC6C1B51-5B31-4DD2-BC22-07927D12F3BE}.Release|ARM.Deploy.0 = Release|Any CPU
		{AC6C1B51-5B31-4DD2-BC22-07927D12F3BE}.Release|iPhone.ActiveCfg = Release|Any CPU
		{AC6C1B51-5B31-4DD2-BC22-07927D12F3BE}.Release|iPhone.Build.0 = Release|Any CPU
		{AC6C1B51-5B31-4DD2-BC22-07927D12F3BE}.Release|iPhone.Deploy.0 = Release|Any CPU
		{AC6C1B51-5B31-4DD2-BC22-07927D12F3BE}.Release|iPhoneSimulator.ActiveCfg = Release|Any CPU
		{AC6C1B51-5B31-4DD2-BC22-07927D12F3BE}.Release|iPhoneSimulator.Build.0 = Release|Any CPU
		{AC6C1B51-5B31-4DD2-BC22-07927D12F3BE}.Release|iPhoneSimulator.Deploy.0 = Release|Any CPU
		{AC6C1B51-5B31-4DD2-BC22-07927D12F3BE}.Release|x86.ActiveCfg = Release|Any CPU
		{AC6C1B51-5B31-4DD2-BC22-07927D12F3BE}.Release|x86.Build.0 = Release|Any CPU
		{AC6C1B51-5B31-4DD2-BC22-07927D12F3BE}.Release|x86.Deploy.0 = Release|Any CPU
		{FBEF3BDC-8108-42A6-AC43-6B975B447A4B}.Ad-Hoc|Any CPU.ActiveCfg = Ad-Hoc|iPhone
		{FBEF3BDC-8108-42A6-AC43-6B975B447A4B}.Ad-Hoc|ARM.ActiveCfg = Ad-Hoc|iPhone
		{FBEF3BDC-8108-42A6-AC43-6B975B447A4B}.Ad-Hoc|iPhone.ActiveCfg = Ad-Hoc|iPhone
		{FBEF3BDC-8108-42A6-AC43-6B975B447A4B}.Ad-Hoc|iPhone.Build.0 = Ad-Hoc|iPhone
		{FBEF3BDC-8108-42A6-AC43-6B975B447A4B}.Ad-Hoc|iPhoneSimulator.ActiveCfg = Ad-Hoc|iPhoneSimulator
		{FBEF3BDC-8108-42A6-AC43-6B975B447A4B}.Ad-Hoc|iPhoneSimulator.Build.0 = Ad-Hoc|iPhoneSimulator
		{FBEF3BDC-8108-42A6-AC43-6B975B447A4B}.Ad-Hoc|x86.ActiveCfg = Ad-Hoc|iPhone
		{FBEF3BDC-8108-42A6-AC43-6B975B447A4B}.AppStore|Any CPU.ActiveCfg = AppStore|iPhone
		{FBEF3BDC-8108-42A6-AC43-6B975B447A4B}.AppStore|ARM.ActiveCfg = AppStore|iPhone
		{FBEF3BDC-8108-42A6-AC43-6B975B447A4B}.AppStore|iPhone.ActiveCfg = AppStore|iPhone
		{FBEF3BDC-8108-42A6-AC43-6B975B447A4B}.AppStore|iPhone.Build.0 = AppStore|iPhone
		{FBEF3BDC-8108-42A6-AC43-6B975B447A4B}.AppStore|iPhoneSimulator.ActiveCfg = AppStore|iPhoneSimulator
		{FBEF3BDC-8108-42A6-AC43-6B975B447A4B}.AppStore|iPhoneSimulator.Build.0 = AppStore|iPhoneSimulator
		{FBEF3BDC-8108-42A6-AC43-6B975B447A4B}.AppStore|x86.ActiveCfg = AppStore|iPhone
		{FBEF3BDC-8108-42A6-AC43-6B975B447A4B}.Debug|Any CPU.ActiveCfg = Debug|iPhone
		{FBEF3BDC-8108-42A6-AC43-6B975B447A4B}.Debug|ARM.ActiveCfg = Debug|iPhone
		{FBEF3BDC-8108-42A6-AC43-6B975B447A4B}.Debug|iPhone.ActiveCfg = Debug|iPhone
		{FBEF3BDC-8108-42A6-AC43-6B975B447A4B}.Debug|iPhone.Build.0 = Debug|iPhone
		{FBEF3BDC-8108-42A6-AC43-6B975B447A4B}.Debug|iPhoneSimulator.ActiveCfg = Debug|iPhoneSimulator
		{FBEF3BDC-8108-42A6-AC43-6B975B447A4B}.Debug|iPhoneSimulator.Build.0 = Debug|iPhoneSimulator
		{FBEF3BDC-8108-42A6-AC43-6B975B447A4B}.Debug|x86.ActiveCfg = Debug|iPhone
		{FBEF3BDC-8108-42A6-AC43-6B975B447A4B}.Release|Any CPU.ActiveCfg = Release|iPhone
		{FBEF3BDC-8108-42A6-AC43-6B975B447A4B}.Release|ARM.ActiveCfg = Release|iPhone
		{FBEF3BDC-8108-42A6-AC43-6B975B447A4B}.Release|iPhone.ActiveCfg = Release|iPhone
		{FBEF3BDC-8108-42A6-AC43-6B975B447A4B}.Release|iPhone.Build.0 = Release|iPhone
		{FBEF3BDC-8108-42A6-AC43-6B975B447A4B}.Release|iPhoneSimulator.ActiveCfg = Release|iPhoneSimulator
		{FBEF3BDC-8108-42A6-AC43-6B975B447A4B}.Release|iPhoneSimulator.Build.0 = Release|iPhoneSimulator
		{FBEF3BDC-8108-42A6-AC43-6B975B447A4B}.Release|x86.ActiveCfg = Release|iPhone
		{66962AA5-E7D3-47D7-BB05-249748B57704}.Ad-Hoc|Any CPU.ActiveCfg = Release|Any CPU
		{66962AA5-E7D3-47D7-BB05-249748B57704}.Ad-Hoc|Any CPU.Build.0 = Release|Any CPU
		{66962AA5-E7D3-47D7-BB05-249748B57704}.Ad-Hoc|ARM.ActiveCfg = Release|Any CPU
		{66962AA5-E7D3-47D7-BB05-249748B57704}.Ad-Hoc|ARM.Build.0 = Release|Any CPU
		{66962AA5-E7D3-47D7-BB05-249748B57704}.Ad-Hoc|iPhone.ActiveCfg = Release|Any CPU
		{66962AA5-E7D3-47D7-BB05-249748B57704}.Ad-Hoc|iPhone.Build.0 = Release|Any CPU
		{66962AA5-E7D3-47D7-BB05-249748B57704}.Ad-Hoc|iPhoneSimulator.ActiveCfg = Release|Any CPU
		{66962AA5-E7D3-47D7-BB05-249748B57704}.Ad-Hoc|iPhoneSimulator.Build.0 = Release|Any CPU
		{66962AA5-E7D3-47D7-BB05-249748B57704}.Ad-Hoc|x86.ActiveCfg = Release|Any CPU
		{66962AA5-E7D3-47D7-BB05-249748B57704}.Ad-Hoc|x86.Build.0 = Release|Any CPU
		{66962AA5-E7D3-47D7-BB05-249748B57704}.AppStore|Any CPU.ActiveCfg = Release|Any CPU
		{66962AA5-E7D3-47D7-BB05-249748B57704}.AppStore|Any CPU.Build.0 = Release|Any CPU
		{66962AA5-E7D3-47D7-BB05-249748B57704}.AppStore|ARM.ActiveCfg = Release|Any CPU
		{66962AA5-E7D3-47D7-BB05-249748B57704}.AppStore|ARM.Build.0 = Release|Any CPU
		{66962AA5-E7D3-47D7-BB05-249748B57704}.AppStore|iPhone.ActiveCfg = Release|Any CPU
		{66962AA5-E7D3-47D7-BB05-249748B57704}.AppStore|iPhone.Build.0 = Release|Any CPU
		{66962AA5-E7D3-47D7-BB05-249748B57704}.AppStore|iPhoneSimulator.ActiveCfg = Release|Any CPU
		{66962AA5-E7D3-47D7-BB05-249748B57704}.AppStore|iPhoneSimulator.Build.0 = Release|Any CPU
		{66962AA5-E7D3-47D7-BB05-249748B57704}.AppStore|x86.ActiveCfg = Release|Any CPU
		{66962AA5-E7D3-47D7-BB05-249748B57704}.AppStore|x86.Build.0 = Release|Any CPU
		{66962AA5-E7D3-47D7-BB05-249748B57704}.Debug|Any CPU.ActiveCfg = Debug|Any CPU
		{66962AA5-E7D3-47D7-BB05-249748B57704}.Debug|Any CPU.Build.0 = Debug|Any CPU
		{66962AA5-E7D3-47D7-BB05-249748B57704}.Debug|ARM.ActiveCfg = Debug|Any CPU
		{66962AA5-E7D3-47D7-BB05-249748B57704}.Debug|ARM.Build.0 = Debug|Any CPU
		{66962AA5-E7D3-47D7-BB05-249748B57704}.Debug|iPhone.ActiveCfg = Debug|Any CPU
		{66962AA5-E7D3-47D7-BB05-249748B57704}.Debug|iPhone.Build.0 = Debug|Any CPU
		{66962AA5-E7D3-47D7-BB05-249748B57704}.Debug|iPhoneSimulator.ActiveCfg = Debug|Any CPU
		{66962AA5-E7D3-47D7-BB05-249748B57704}.Debug|iPhoneSimulator.Build.0 = Debug|Any CPU
		{66962AA5-E7D3-47D7-BB05-249748B57704}.Debug|x86.ActiveCfg = Debug|Any CPU
		{66962AA5-E7D3-47D7-BB05-249748B57704}.Debug|x86.Build.0 = Debug|Any CPU
		{66962AA5-E7D3-47D7-BB05-249748B57704}.Release|Any CPU.ActiveCfg = Release|Any CPU
		{66962AA5-E7D3-47D7-BB05-249748B57704}.Release|Any CPU.Build.0 = Release|Any CPU
		{66962AA5-E7D3-47D7-BB05-249748B57704}.Release|ARM.ActiveCfg = Release|Any CPU
		{66962AA5-E7D3-47D7-BB05-249748B57704}.Release|ARM.Build.0 = Release|Any CPU
		{66962AA5-E7D3-47D7-BB05-249748B57704}.Release|iPhone.ActiveCfg = Release|Any CPU
		{66962AA5-E7D3-47D7-BB05-249748B57704}.Release|iPhone.Build.0 = Release|Any CPU
		{66962AA5-E7D3-47D7-BB05-249748B57704}.Release|iPhoneSimulator.ActiveCfg = Release|Any CPU
		{66962AA5-E7D3-47D7-BB05-249748B57704}.Release|iPhoneSimulator.Build.0 = Release|Any CPU
		{66962AA5-E7D3-47D7-BB05-249748B57704}.Release|x86.ActiveCfg = Release|Any CPU
		{66962AA5-E7D3-47D7-BB05-249748B57704}.Release|x86.Build.0 = Release|Any CPU
		{67F9D3A8-F71E-4428-913F-C37AE82CDB24}.Ad-Hoc|Any CPU.ActiveCfg = Release|Any CPU
		{67F9D3A8-F71E-4428-913F-C37AE82CDB24}.Ad-Hoc|Any CPU.Build.0 = Release|Any CPU
		{67F9D3A8-F71E-4428-913F-C37AE82CDB24}.Ad-Hoc|ARM.ActiveCfg = Release|Any CPU
		{67F9D3A8-F71E-4428-913F-C37AE82CDB24}.Ad-Hoc|ARM.Build.0 = Release|Any CPU
		{67F9D3A8-F71E-4428-913F-C37AE82CDB24}.Ad-Hoc|iPhone.ActiveCfg = Release|Any CPU
		{67F9D3A8-F71E-4428-913F-C37AE82CDB24}.Ad-Hoc|iPhone.Build.0 = Release|Any CPU
		{67F9D3A8-F71E-4428-913F-C37AE82CDB24}.Ad-Hoc|iPhoneSimulator.ActiveCfg = Release|Any CPU
		{67F9D3A8-F71E-4428-913F-C37AE82CDB24}.Ad-Hoc|iPhoneSimulator.Build.0 = Release|Any CPU
		{67F9D3A8-F71E-4428-913F-C37AE82CDB24}.Ad-Hoc|x86.ActiveCfg = Release|Any CPU
		{67F9D3A8-F71E-4428-913F-C37AE82CDB24}.Ad-Hoc|x86.Build.0 = Release|Any CPU
		{67F9D3A8-F71E-4428-913F-C37AE82CDB24}.AppStore|Any CPU.ActiveCfg = Release|Any CPU
		{67F9D3A8-F71E-4428-913F-C37AE82CDB24}.AppStore|Any CPU.Build.0 = Release|Any CPU
		{67F9D3A8-F71E-4428-913F-C37AE82CDB24}.AppStore|ARM.ActiveCfg = Release|Any CPU
		{67F9D3A8-F71E-4428-913F-C37AE82CDB24}.AppStore|ARM.Build.0 = Release|Any CPU
		{67F9D3A8-F71E-4428-913F-C37AE82CDB24}.AppStore|iPhone.ActiveCfg = Release|Any CPU
		{67F9D3A8-F71E-4428-913F-C37AE82CDB24}.AppStore|iPhone.Build.0 = Release|Any CPU
		{67F9D3A8-F71E-4428-913F-C37AE82CDB24}.AppStore|iPhoneSimulator.ActiveCfg = Release|Any CPU
		{67F9D3A8-F71E-4428-913F-C37AE82CDB24}.AppStore|iPhoneSimulator.Build.0 = Release|Any CPU
		{67F9D3A8-F71E-4428-913F-C37AE82CDB24}.AppStore|x86.ActiveCfg = Release|Any CPU
		{67F9D3A8-F71E-4428-913F-C37AE82CDB24}.AppStore|x86.Build.0 = Release|Any CPU
		{67F9D3A8-F71E-4428-913F-C37AE82CDB24}.Debug|Any CPU.ActiveCfg = Debug|Any CPU
		{67F9D3A8-F71E-4428-913F-C37AE82CDB24}.Debug|Any CPU.Build.0 = Debug|Any CPU
		{67F9D3A8-F71E-4428-913F-C37AE82CDB24}.Debug|ARM.ActiveCfg = Debug|Any CPU
		{67F9D3A8-F71E-4428-913F-C37AE82CDB24}.Debug|ARM.Build.0 = Debug|Any CPU
		{67F9D3A8-F71E-4428-913F-C37AE82CDB24}.Debug|iPhone.ActiveCfg = Debug|Any CPU
		{67F9D3A8-F71E-4428-913F-C37AE82CDB24}.Debug|iPhone.Build.0 = Debug|Any CPU
		{67F9D3A8-F71E-4428-913F-C37AE82CDB24}.Debug|iPhoneSimulator.ActiveCfg = Debug|Any CPU
		{67F9D3A8-F71E-4428-913F-C37AE82CDB24}.Debug|iPhoneSimulator.Build.0 = Debug|Any CPU
		{67F9D3A8-F71E-4428-913F-C37AE82CDB24}.Debug|x86.ActiveCfg = Debug|Any CPU
		{67F9D3A8-F71E-4428-913F-C37AE82CDB24}.Debug|x86.Build.0 = Debug|Any CPU
		{67F9D3A8-F71E-4428-913F-C37AE82CDB24}.Release|Any CPU.ActiveCfg = Release|Any CPU
		{67F9D3A8-F71E-4428-913F-C37AE82CDB24}.Release|Any CPU.Build.0 = Release|Any CPU
		{67F9D3A8-F71E-4428-913F-C37AE82CDB24}.Release|ARM.ActiveCfg = Release|Any CPU
		{67F9D3A8-F71E-4428-913F-C37AE82CDB24}.Release|ARM.Build.0 = Release|Any CPU
		{67F9D3A8-F71E-4428-913F-C37AE82CDB24}.Release|iPhone.ActiveCfg = Release|Any CPU
		{67F9D3A8-F71E-4428-913F-C37AE82CDB24}.Release|iPhone.Build.0 = Release|Any CPU
		{67F9D3A8-F71E-4428-913F-C37AE82CDB24}.Release|iPhoneSimulator.ActiveCfg = Release|Any CPU
		{67F9D3A8-F71E-4428-913F-C37AE82CDB24}.Release|iPhoneSimulator.Build.0 = Release|Any CPU
		{67F9D3A8-F71E-4428-913F-C37AE82CDB24}.Release|x86.ActiveCfg = Release|Any CPU
		{67F9D3A8-F71E-4428-913F-C37AE82CDB24}.Release|x86.Build.0 = Release|Any CPU
	EndGlobalSection
	GlobalSection(SolutionProperties) = preSolution
		HideSolutionNode = FALSE
	EndGlobalSection
EndGlobal
